
Microsoft Visual Studio Solution File, Format Version 12.00
# Visual Studio Version 16
VisualStudioVersion = 16.0.31410.357
MinimumVisualStudioVersion = 10.0.40219.1
Project("{FAE04EC0-301F-11D3-BF4B-00C04F79EFBC}") = "Program1", "Program1.csproj", "{AFB37970-60A1-4EBB-B3D3-79A22E4184C0}"
EndProject
Global
	GlobalSection(SolutionConfigurationPlatforms) = preSolution
		Debug|Any CPU = Debug|Any CPU
		Release|Any CPU = Release|Any CPU
	EndGlobalSection
	GlobalSection(ProjectConfigurationPlatforms) = postSolution
		{AFB37970-60A1-4EBB-B3D3-79A22E4184C0}.Debug|Any CPU.ActiveCfg = Debug|Any CPU
		{AFB37970-60A1-4EBB-B3D3-79A22E4184C0}.Debug|Any CPU.Build.0 = Debug|Any CPU
		{AFB37970-60A1-4EBB-B3D3-79A22E4184C0}.Release|Any CPU.ActiveCfg = Release|Any CPU
		{AFB37970-60A1-4EBB-B3D3-79A22E4184C0}.Release|Any CPU.Build.0 = Release|Any CPU
	EndGlobalSection
	GlobalSection(SolutionProperties) = preSolution
		HideSolutionNode = FALSE
	EndGlobalSection
	GlobalSection(ExtensibilityGlobals) = postSolution
		SolutionGuid = {8247B086-7404-4BE1-9384-EB2ED0D96C97}
	EndGlobalSection
EndGlobal
